
Microsoft Visual Studio Solution File, Format Version 12.00
# Visual Studio Version 18
VisualStudioVersion = 18.3.11520.95 d18.3
MinimumVisualStudioVersion = 10.0.40219.1
Project("{FAE04EC0-301F-11D3-BF4B-00C04F79EFBC}") = "AtlantisMarketplace.Api", "AtlantisMarketplace.Api\AtlantisMarketplace.Api.csproj", "{BA030B42-F6E9-4297-8AE1-D27AEA9F49F1}"
EndProject
Project("{FAE04EC0-301F-11D3-BF4B-00C04F79EFBC}") = "AtlantisMarketplace.Domain", "AtlantisMarketplace.Domain\AtlantisMarketplace.Domain.csproj", "{0D320D35-0DB9-4BB9-91D8-4DE1E65FAD67}"
EndProject
Project("{FAE04EC0-301F-11D3-BF4B-00C04F79EFBC}") = "AtlantisMarketplace.Tests", "AtlantisMarketplace.Tests\AtlantisMarketplace.Tests.csproj", "{148FF4FC-FE4E-43E9-AFE4-7CAE76766AC0}"
EndProject
Project("{FAE04EC0-301F-11D3-BF4B-00C04F79EFBC}") = "AtlantisMarketplace.Infrastructure", "AtlantisMarketplace.Infrastructure\AtlantisMarketplace.Infrastructure.csproj", "{FDC2F0BB-ADE3-4E41-A0C0-A015905FBCD3}"
EndProject
Global
	GlobalSection(SolutionConfigurationPlatforms) = preSolution
		Debug|Any CPU = Debug|Any CPU
		Debug|x64 = Debug|x64
		Debug|x86 = Debug|x86
		Release|Any CPU = Release|Any CPU
		Release|x64 = Release|x64
		Release|x86 = Release|x86
	EndGlobalSection
	GlobalSection(ProjectConfigurationPlatforms) = postSolution
		{BA030B42-F6E9-4297-8AE1-D27AEA9F49F1}.Debug|Any CPU.ActiveCfg = Debug|Any CPU
		{BA030B42-F6E9-4297-8AE1-D27AEA9F49F1}.Debug|Any CPU.Build.0 = Debug|Any CPU
		{BA030B42-F6E9-4297-8AE1-D27AEA9F49F1}.Debug|x64.ActiveCfg = Debug|Any CPU
		{BA030B42-F6E9-4297-8AE1-D27AEA9F49F1}.Debug|x64.Build.0 = Debug|Any CPU
		{BA030B42-F6E9-4297-8AE1-D27AEA9F49F1}.Debug|x86.ActiveCfg = Debug|Any CPU
		{BA030B42-F6E9-4297-8AE1-D27AEA9F49F1}.Debug|x86.Build.0 = Debug|Any CPU
		{BA030B42-F6E9-4297-8AE1-D27AEA9F49F1}.Release|Any CPU.ActiveCfg = Release|Any CPU
		{BA030B42-F6E9-4297-8AE1-D27AEA9F49F1}.Release|Any CPU.Build.0 = Release|Any CPU
		{BA030B42-F6E9-4297-8AE1-D27AEA9F49F1}.Release|x64.ActiveCfg = Release|Any CPU
		{BA030B42-F6E9-4297-8AE1-D27AEA9F49F1}.Release|x64.Build.0 = Release|Any CPU
		{BA030B42-F6E9-4297-8AE1-D27AEA9F49F1}.Release|x86.ActiveCfg = Release|Any CPU
		{BA030B42-F6E9-4297-8AE1-D27AEA9F49F1}.Release|x86.Build.0 = Release|Any CPU
		{0D320D35-0DB9-4BB9-91D8-4DE1E65FAD67}.Debug|Any CPU.ActiveCfg = Debug|Any CPU
		{0D320D35-0DB9-4BB9-91D8-4DE1E65FAD67}.Debug|Any CPU.Build.0 = Debug|Any CPU
		{0D320D35-0DB9-4BB9-91D8-4DE1E65FAD67}.Debug|x64.ActiveCfg = Debug|Any CPU
		{0D320D35-0DB9-4BB9-91D8-4DE1E65FAD67}.Debug|x64.Build.0 = Debug|Any CPU
		{0D320D35-0DB9-4BB9-91D8-4DE1E65FAD67}.Debug|x86.ActiveCfg = Debug|Any CPU
		{0D320D35-0DB9-4BB9-91D8-4DE1E65FAD67}.Debug|x86.Build.0 = Debug|Any CPU
		{0D320D35-0DB9-4BB9-91D8-4DE1E65FAD67}.Release|Any CPU.ActiveCfg = Release|Any CPU
		{0D320D35-0DB9-4BB9-91D8-4DE1E65FAD67}.Release|Any CPU.Build.0 = Release|Any CPU
		{0D320D35-0DB9-4BB9-91D8-4DE1E65FAD67}.Release|x64.ActiveCfg = Release|Any CPU
		{0D320D35-0DB9-4BB9-91D8-4DE1E65FAD67}.Release|x64.Build.0 = Release|Any CPU
		{0D320D35-0DB9-4BB9-91D8-4DE1E65FAD67}.Release|x86.ActiveCfg = Release|Any CPU
		{0D320D35-0DB9-4BB9-91D8-4DE1E65FAD67}.Release|x86.Build.0 = Release|Any CPU
		{148FF4FC-FE4E-43E9-AFE4-7CAE76766AC0}.Debug|Any CPU.ActiveCfg = Debug|Any CPU
		{148FF4FC-FE4E-43E9-AFE4-7CAE76766AC0}.Debug|Any CPU.Build.0 = Debug|Any CPU
		{148FF4FC-FE4E-43E9-AFE4-7CAE76766AC0}.Debug|x64.ActiveCfg = Debug|Any CPU
		{148FF4FC-FE4E-43E9-AFE4-7CAE76766AC0}.Debug|x64.Build.0 = Debug|Any CPU
		{148FF4FC-FE4E-43E9-AFE4-7CAE76766AC0}.Debug|x86.ActiveCfg = Debug|Any CPU
		{148FF4FC-FE4E-43E9-AFE4-7CAE76766AC0}.Debug|x86.Build.0 = Debug|Any CPU
		{148FF4FC-FE4E-43E9-AFE4-7CAE76766AC0}.Release|Any CPU.ActiveCfg = Release|Any CPU
		{148FF4FC-FE4E-43E9-AFE4-7CAE76766AC0}.Release|Any CPU.Build.0 = Release|Any CPU
		{148FF4FC-FE4E-43E9-AFE4-7CAE76766AC0}.Release|x64.ActiveCfg = Release|Any CPU
		{148FF4FC-FE4E-43E9-AFE4-7CAE76766AC0}.Release|x64.Build.0 = Release|Any CPU
		{148FF4FC-FE4E-43E9-AFE4-7CAE76766AC0}.Release|x86.ActiveCfg = Release|Any CPU
		{148FF4FC-FE4E-43E9-AFE4-7CAE76766AC0}.Release|x86.Build.0 = Release|Any CPU
		{FDC2F0BB-ADE3-4E41-A0C0-A015905FBCD3}.Debug|Any CPU.ActiveCfg = Debug|Any CPU
		{FDC2F0BB-ADE3-4E41-A0C0-A015905FBCD3}.Debug|Any CPU.Build.0 = Debug|Any CPU
		{FDC2F0BB-ADE3-4E41-A0C0-A015905FBCD3}.Debug|x64.ActiveCfg = Debug|Any CPU
		{FDC2F0BB-ADE3-4E41-A0C0-A015905FBCD3}.Debug|x64.Build.0 = Debug|Any CPU
		{FDC2F0BB-ADE3-4E41-A0C0-A015905FBCD3}.Debug|x86.ActiveCfg = Debug|Any CPU
		{FDC2F0BB-ADE3-4E41-A0C0-A015905FBCD3}.Debug|x86.Build.0 = Debug|Any CPU
		{FDC2F0BB-ADE3-4E41-A0C0-A015905FBCD3}.Release|Any CPU.ActiveCfg = Release|Any CPU
		{FDC2F0BB-ADE3-4E41-A0C0-A015905FBCD3}.Release|Any CPU.Build.0 = Release|Any CPU
		{FDC2F0BB-ADE3-4E41-A0C0-A015905FBCD3}.Release|x64.ActiveCfg = Release|Any CPU
		{FDC2F0BB-ADE3-4E41-A0C0-A015905FBCD3}.Release|x64.Build.0 = Release|Any CPU
		{FDC2F0BB-ADE3-4E41-A0C0-A015905FBCD3}.Release|x86.ActiveCfg = Release|Any CPU
		{FDC2F0BB-ADE3-4E41-A0C0-A015905FBCD3}.Release|x86.Build.0 = Release|Any CPU
	EndGlobalSection
	GlobalSection(SolutionProperties) = preSolution
		HideSolutionNode = FALSE
	EndGlobalSection
	GlobalSection(ExtensibilityGlobals) = postSolution
		SolutionGuid = {21614246-C1A6-4A85-915E-0EE04989A4D7}
	EndGlobalSection
EndGlobal
